<?xml version="1.0" encoding="utf-8"?>
<Project ToolsVersion="4.0" xmlns="http://schemas.microsoft.com/developer/msbuild/2003">
  <ItemGroup>
    <Filter Include="源文件">
      <UniqueIdentifier>{4FC737F1-C7A5-4376-A066-2A32D752A2FF}</UniqueIdentifier>
      <Extensions>cpp;c;cc;cxx;c++;cppm;ixx;def;odl;idl;hpj;bat;asm;asmx</Extensions>
    </Filter>
    <Filter Include="头文件">
      <UniqueIdentifier>{93995380-89BD-4b04-88EB-625FBE52EBFB}</UniqueIdentifier>
      <Extensions>h;hh;hpp;hxx;h++;hm;inl;inc;ipp;xsd</Extensions>
    </Filter>
    <Filter Include="资源文件">
      <UniqueIdentifier>{67DA6AB6-F800-4c08-8B7A-83BB121AAD01}</UniqueIdentifier>
      <Extensions>rc;ico;cur;bmp;dlg;rc2;rct;bin;rgs;gif;jpg;jpeg;jpe;resx;tiff;tif;png;wav;mfcribbon-ms</Extensions>
    </Filter>
  </ItemGroup>
  <ItemGroup>
    <ClCompile Include="barcode_quality_evaluator_test.cpp">
      <Filter>源文件</Filter>
    </ClCompile>
    <ClCompile Include="barcode_quality_evaluator.c">
      <Filter>源文件</Filter>
    </ClCompile>
    <ClCompile Include="barcode_quality_evaluator_ex.c">
      <Filter>源文件</Filter>
    </ClCompile>
  </ItemGroup>
  <ItemGroup>
    <ClInclude Include="barcode_quality_evaluator.h">
      <Filter>头文件</Filter>
    </ClInclude>
    <ClInclude Include="include\__apus__.h">
      <Filter>头文件</Filter>
    </ClInclude>
    <ClInclude Include="include\ImgCore.h">
      <Filter>头文件</Filter>
    </ClInclude>
    <ClInclude Include="include\MScanner.h">
      <Filter>头文件</Filter>
    </ClInclude>
    <ClInclude Include="barcode_quality_evaluator_ex.h">
      <Filter>头文件</Filter>
    </ClInclude>
  </ItemGroup>
  <ItemGroup>
    <Image Include="test_dm_1.bmp">
      <Filter>资源文件</Filter>
    </Image>
    <Image Include="test_dm_2.bmp">
      <Filter>资源文件</Filter>
    </Image>
    <Image Include="test_qr_1.bmp">
      <Filter>资源文件</Filter>
    </Image>
    <Image Include="test_qr_2.bmp">
      <Filter>资源文件</Filter>
    </Image>
    <Image Include="test_tr_1.bmp">
      <Filter>资源文件</Filter>
    </Image>
    <Image Include="test_tr_2.bmp">
      <Filter>资源文件</Filter>
    </Image>
    <Image Include="test_tr_3.bmp">
      <Filter>资源文件</Filter>
    </Image>
    <Image Include="test_ok_00.bmp">
      <Filter>资源文件</Filter>
    </Image>
    <Image Include="test_ok_01.bmp">
      <Filter>资源文件</Filter>
    </Image>
    <Image Include="test_tr_4.bmp">
      <Filter>资源文件</Filter>
    </Image>
  </ItemGroup>
</Project>